
Microsoft Visual Studio Solution File, Format Version 12.00
# Visual Studio Version 16
VisualStudioVersion = 16.0.30011.22
MinimumVisualStudioVersion = 10.0.40219.1
Project("{9A19103F-16F7-4668-BE54-9A1E7A4F7556}") = "Zetes.IdentityServer", "Zetes.IdentityServer\Zetes.IdentityServer.csproj", "{DDE6261D-7F51-4785-B2B8-21D91AE2CA45}"
EndProject
Project("{9A19103F-16F7-4668-BE54-9A1E7A4F7556}") = "Zetes.RestService", "Zetes.RestService\Zetes.RestService.csproj", "{57BFE000-23FF-4C44-99A5-A41882597E20}"
EndProject
Project("{2150E333-8FDC-42A3-9474-1A3956D46DE8}") = "Authorisation", "Authorisation", "{306CCE95-32B0-46E1-9FBE-06B7593056CB}"
EndProject
Project("{2150E333-8FDC-42A3-9474-1A3956D46DE8}") = "FrontEnd", "FrontEnd", "{7B22AAA3-D224-4B34-9228-E6BFD35E549C}"
EndProject
Project("{2150E333-8FDC-42A3-9474-1A3956D46DE8}") = "Backend", "Backend", "{A52B271B-CDAA-4212-9EA4-4B4E2D131D5D}"
EndProject
Project("{9A19103F-16F7-4668-BE54-9A1E7A4F7556}") = "Zetes.WebGui", "Zetes.WebGui\Zetes.WebGui.csproj", "{ABBC054D-6E4F-4593-A8EC-38457852EF99}"
EndProject
Project("{2150E333-8FDC-42A3-9474-1A3956D46DE8}") = "Common", "Common", "{A4D8A333-E417-4F58-BC09-3F89CF7070EE}"
EndProject
Project("{9A19103F-16F7-4668-BE54-9A1E7A4F7556}") = "Zetes.Dtos", "Zetes.Dtos\Zetes.Dtos.csproj", "{787473F9-FBC4-4D7B-8D63-5CC867B94928}"
EndProject
Project("{2150E333-8FDC-42A3-9474-1A3956D46DE8}") = "Resources", "Resources", "{3E08BC28-2932-4228-8C8C-5DF1A4EAA5F5}"
EndProject
Project("{9A19103F-16F7-4668-BE54-9A1E7A4F7556}") = "Zetes.Resources", "Zetes.Resources\Zetes.Resources.csproj", "{36DC474F-2DF8-4CAE-ABB1-D4E15F72EF50}"
EndProject
Project("{9A19103F-16F7-4668-BE54-9A1E7A4F7556}") = "TestFrontEnd", "TestFrontEnd\TestFrontEnd.csproj", "{D7F3546A-80AF-404E-9C6B-BE2776ED4222}"
EndProject
Project("{9A19103F-16F7-4668-BE54-9A1E7A4F7556}") = "TesttIdentityServer", "TesttIdentityServer\TesttIdentityServer.csproj", "{4C558E00-5A4C-4FD1-BFC0-591B1652265E}"
EndProject
Project("{9A19103F-16F7-4668-BE54-9A1E7A4F7556}") = "TestRestService", "TestRestService\TestRestService.csproj", "{7F77FD36-40A6-435B-8CA9-7CCCCA86F992}"
EndProject
Project("{FAE04EC0-301F-11D3-BF4B-00C04F79EFBC}") = "EntityFrameWorkHelper", "EntityFrameWorkHelper\EntityFrameWorkHelper.csproj", "{CC7611DC-7F7C-443D-A5D7-F6CE65819D42}"
EndProject
Project("{FAE04EC0-301F-11D3-BF4B-00C04F79EFBC}") = "Test.Dtos", "Test.Dtos\Test.Dtos.csproj", "{299855BE-79C4-4145-B199-0579A5A99650}"
EndProject
Global
	GlobalSection(SolutionConfigurationPlatforms) = preSolution
		Debug|Any CPU = Debug|Any CPU
		Release|Any CPU = Release|Any CPU
	EndGlobalSection
	GlobalSection(ProjectConfigurationPlatforms) = postSolution
		{DDE6261D-7F51-4785-B2B8-21D91AE2CA45}.Debug|Any CPU.ActiveCfg = Debug|Any CPU
		{DDE6261D-7F51-4785-B2B8-21D91AE2CA45}.Debug|Any CPU.Build.0 = Debug|Any CPU
		{DDE6261D-7F51-4785-B2B8-21D91AE2CA45}.Release|Any CPU.ActiveCfg = Release|Any CPU
		{DDE6261D-7F51-4785-B2B8-21D91AE2CA45}.Release|Any CPU.Build.0 = Release|Any CPU
		{57BFE000-23FF-4C44-99A5-A41882597E20}.Debug|Any CPU.ActiveCfg = Debug|Any CPU
		{57BFE000-23FF-4C44-99A5-A41882597E20}.Debug|Any CPU.Build.0 = Debug|Any CPU
		{57BFE000-23FF-4C44-99A5-A41882597E20}.Release|Any CPU.ActiveCfg = Release|Any CPU
		{57BFE000-23FF-4C44-99A5-A41882597E20}.Release|Any CPU.Build.0 = Release|Any CPU
		{ABBC054D-6E4F-4593-A8EC-38457852EF99}.Debug|Any CPU.ActiveCfg = Debug|Any CPU
		{ABBC054D-6E4F-4593-A8EC-38457852EF99}.Debug|Any CPU.Build.0 = Debug|Any CPU
		{ABBC054D-6E4F-4593-A8EC-38457852EF99}.Release|Any CPU.ActiveCfg = Release|Any CPU
		{ABBC054D-6E4F-4593-A8EC-38457852EF99}.Release|Any CPU.Build.0 = Release|Any CPU
		{787473F9-FBC4-4D7B-8D63-5CC867B94928}.Debug|Any CPU.ActiveCfg = Debug|Any CPU
		{787473F9-FBC4-4D7B-8D63-5CC867B94928}.Debug|Any CPU.Build.0 = Debug|Any CPU
		{787473F9-FBC4-4D7B-8D63-5CC867B94928}.Release|Any CPU.ActiveCfg = Release|Any CPU
		{787473F9-FBC4-4D7B-8D63-5CC867B94928}.Release|Any CPU.Build.0 = Release|Any CPU
		{36DC474F-2DF8-4CAE-ABB1-D4E15F72EF50}.Debug|Any CPU.ActiveCfg = Debug|Any CPU
		{36DC474F-2DF8-4CAE-ABB1-D4E15F72EF50}.Debug|Any CPU.Build.0 = Debug|Any CPU
		{36DC474F-2DF8-4CAE-ABB1-D4E15F72EF50}.Release|Any CPU.ActiveCfg = Release|Any CPU
		{36DC474F-2DF8-4CAE-ABB1-D4E15F72EF50}.Release|Any CPU.Build.0 = Release|Any CPU
		{D7F3546A-80AF-404E-9C6B-BE2776ED4222}.Debug|Any CPU.ActiveCfg = Debug|Any CPU
		{D7F3546A-80AF-404E-9C6B-BE2776ED4222}.Debug|Any CPU.Build.0 = Debug|Any CPU
		{D7F3546A-80AF-404E-9C6B-BE2776ED4222}.Release|Any CPU.ActiveCfg = Release|Any CPU
		{D7F3546A-80AF-404E-9C6B-BE2776ED4222}.Release|Any CPU.Build.0 = Release|Any CPU
		{4C558E00-5A4C-4FD1-BFC0-591B1652265E}.Debug|Any CPU.ActiveCfg = Debug|Any CPU
		{4C558E00-5A4C-4FD1-BFC0-591B1652265E}.Debug|Any CPU.Build.0 = Debug|Any CPU
		{4C558E00-5A4C-4FD1-BFC0-591B1652265E}.Release|Any CPU.ActiveCfg = Release|Any CPU
		{4C558E00-5A4C-4FD1-BFC0-591B1652265E}.Release|Any CPU.Build.0 = Release|Any CPU
		{7F77FD36-40A6-435B-8CA9-7CCCCA86F992}.Debug|Any CPU.ActiveCfg = Debug|Any CPU
		{7F77FD36-40A6-435B-8CA9-7CCCCA86F992}.Debug|Any CPU.Build.0 = Debug|Any CPU
		{7F77FD36-40A6-435B-8CA9-7CCCCA86F992}.Release|Any CPU.ActiveCfg = Release|Any CPU
		{7F77FD36-40A6-435B-8CA9-7CCCCA86F992}.Release|Any CPU.Build.0 = Release|Any CPU
		{CC7611DC-7F7C-443D-A5D7-F6CE65819D42}.Debug|Any CPU.ActiveCfg = Debug|Any CPU
		{CC7611DC-7F7C-443D-A5D7-F6CE65819D42}.Debug|Any CPU.Build.0 = Debug|Any CPU
		{CC7611DC-7F7C-443D-A5D7-F6CE65819D42}.Release|Any CPU.ActiveCfg = Release|Any CPU
		{CC7611DC-7F7C-443D-A5D7-F6CE65819D42}.Release|Any CPU.Build.0 = Release|Any CPU
		{299855BE-79C4-4145-B199-0579A5A99650}.Debug|Any CPU.ActiveCfg = Debug|Any CPU
		{299855BE-79C4-4145-B199-0579A5A99650}.Debug|Any CPU.Build.0 = Debug|Any CPU
		{299855BE-79C4-4145-B199-0579A5A99650}.Release|Any CPU.ActiveCfg = Release|Any CPU
		{299855BE-79C4-4145-B199-0579A5A99650}.Release|Any CPU.Build.0 = Release|Any CPU
	EndGlobalSection
	GlobalSection(SolutionProperties) = preSolution
		HideSolutionNode = FALSE
	EndGlobalSection
	GlobalSection(NestedProjects) = preSolution
		{DDE6261D-7F51-4785-B2B8-21D91AE2CA45} = {306CCE95-32B0-46E1-9FBE-06B7593056CB}
		{57BFE000-23FF-4C44-99A5-A41882597E20} = {A52B271B-CDAA-4212-9EA4-4B4E2D131D5D}
		{ABBC054D-6E4F-4593-A8EC-38457852EF99} = {7B22AAA3-D224-4B34-9228-E6BFD35E549C}
		{787473F9-FBC4-4D7B-8D63-5CC867B94928} = {A4D8A333-E417-4F58-BC09-3F89CF7070EE}
		{36DC474F-2DF8-4CAE-ABB1-D4E15F72EF50} = {3E08BC28-2932-4228-8C8C-5DF1A4EAA5F5}
		{D7F3546A-80AF-404E-9C6B-BE2776ED4222} = {7B22AAA3-D224-4B34-9228-E6BFD35E549C}
		{4C558E00-5A4C-4FD1-BFC0-591B1652265E} = {306CCE95-32B0-46E1-9FBE-06B7593056CB}
		{7F77FD36-40A6-435B-8CA9-7CCCCA86F992} = {A52B271B-CDAA-4212-9EA4-4B4E2D131D5D}
		{CC7611DC-7F7C-443D-A5D7-F6CE65819D42} = {A52B271B-CDAA-4212-9EA4-4B4E2D131D5D}
		{299855BE-79C4-4145-B199-0579A5A99650} = {A4D8A333-E417-4F58-BC09-3F89CF7070EE}
	EndGlobalSection
	GlobalSection(ExtensibilityGlobals) = postSolution
		SolutionGuid = {E711A621-8522-4E93-B1CA-FE505414900B}
	EndGlobalSection
EndGlobal
